<?xml version="1.0" encoding="UTF-8" standalone="yes" ?>
<CodeBlocks_project_file>
	<FileVersion major="1" minor="6" />
	<Project>
		<Option title="RoboX" />
		<Option pch_mode="2" />
		<Option compiler="gcc" />
		<Build>
			<Target title="Debug">
				<Option output="bin/Debug/RoboX" prefix_auto="1" extension_auto="1" />
				<Option object_output="obj/Debug/" />
				<Option type="1" />
				<Option compiler="gcc" />
				<Compiler>
					<Add option="-g" />
					<Add directory="include" />
				</Compiler>
			</Target>
			<Target title="Release">
				<Option output="bin/Release/RoboX" prefix_auto="1" extension_auto="1" />
				<Option object_output="obj/Release/" />
				<Option type="1" />
				<Option compiler="gcc" />
				<Compiler>
					<Add option="-O2" />
					<Add directory="include" />
				</Compiler>
				<Linker>
					<Add option="-s" />
				</Linker>
			</Target>
		</Build>
		<Compiler>
			<Add option="-Wall" />
			<Add option="-fexceptions" />
		</Compiler>
		<Unit filename="include/calculate_trips.h" />
		<Unit filename="include/energy_display.h" />
		<Unit filename="include/input_validator.h" />
		<Unit filename="include/log_loading.h" />
		<Unit filename="include/log_message.h" />
		<Unit filename="include/refill_energy.h" />
		<Unit filename="main.cpp" />
		<Unit filename="src/calculate_trips.cpp" />
		<Unit filename="src/energy_display.cpp" />
		<Unit filename="src/input_validator.cpp" />
		<Unit filename="src/log_loading.cpp" />
		<Unit filename="src/log_message.cpp" />
		<Unit filename="src/refill_energy.cpp" />
		<Extensions />
	</Project>
</CodeBlocks_project_file>
